
Microsoft Visual Studio Solution File, Format Version 12.00
# Visual Studio Version 17
VisualStudioVersion = 17.0.31903.59
MinimumVisualStudioVersion = 10.0.40219.1
Project("{FAE04EC0-301F-11D3-BF4B-00C04F79EFBC}") = "YmmeUtil.Ymm4", "src\YmmeUtil.Ymm4\YmmeUtil.Ymm4.csproj", "{9DFBB7F1-0845-4BF6-A97E-51903473DFAA}"
EndProject
Project("{FAE04EC0-301F-11D3-BF4B-00C04F79EFBC}") = "WithYmm4", "sandbox\plugin\WithYmm4\WithYmm4.csproj", "{957B4034-E667-433C-87AE-F54016D1F35F}"
EndProject
Project("{FAE04EC0-301F-11D3-BF4B-00C04F79EFBC}") = "Common", "sandbox\plugin\Common\Common.csproj", "{F2745377-D8F2-4B4B-9387-0AEBAE0C1D72}"
EndProject
Project("{FAE04EC0-301F-11D3-BF4B-00C04F79EFBC}") = "YmmeUtil.Script", "src\YmmeUtil.Script\YmmeUtil.Script.csproj", "{49394F9C-35AB-4FFC-8DB6-AF04F1454EAB}"
EndProject
Project("{FAE04EC0-301F-11D3-BF4B-00C04F79EFBC}") = "YmmeUtil.Common", "src\YmmeUtil.Common\YmmeUtil.Common.csproj", "{59FD61E5-0F5F-472A-9991-4F6F1D1F6A8B}"
EndProject
Project("{2150E333-8FDC-42A3-9474-1A3956D46DE8}") = "tests", "tests", "{0AB3BF05-4346-4AA6-1389-037BE0695223}"
EndProject
Project("{FAE04EC0-301F-11D3-BF4B-00C04F79EFBC}") = "TestCommon", "tests\TestCommon\TestCommon.csproj", "{9F0472D6-AB26-454D-BEC1-F2C437DF295C}"
EndProject
Project("{FAE04EC0-301F-11D3-BF4B-00C04F79EFBC}") = "TestYmm4", "tests\TestYmm4\TestYmm4.csproj", "{4AF067BD-A84B-425F-BFFA-FBC86711143D}"
EndProject
Project("{2150E333-8FDC-42A3-9474-1A3956D46DE8}") = "src", "src", "{827E0CD3-B72D-47B6-A68D-7590B98EB39B}"
EndProject
Project("{FAE04EC0-301F-11D3-BF4B-00C04F79EFBC}") = "YmmeUtil.Generators", "src\YmmeUtil.Generators\YmmeUtil.Generators.csproj", "{BC56BA6F-D195-4972-BC1D-5DFB103E54F0}"
EndProject
Project("{FAE04EC0-301F-11D3-BF4B-00C04F79EFBC}") = "TestGenerators", "tests\TestGenerators\TestGenerators.csproj", "{ACC4ED7C-C025-46C3-A38B-F6610BD49DC7}"
EndProject
Global
	GlobalSection(SolutionConfigurationPlatforms) = preSolution
		Debug|Any CPU = Debug|Any CPU
		Debug|x64 = Debug|x64
		Debug|x86 = Debug|x86
		Release|Any CPU = Release|Any CPU
		Release|x64 = Release|x64
		Release|x86 = Release|x86
	EndGlobalSection
	GlobalSection(ProjectConfigurationPlatforms) = postSolution
		{9DFBB7F1-0845-4BF6-A97E-51903473DFAA}.Debug|Any CPU.ActiveCfg = Debug|Any CPU
		{9DFBB7F1-0845-4BF6-A97E-51903473DFAA}.Debug|Any CPU.Build.0 = Debug|Any CPU
		{9DFBB7F1-0845-4BF6-A97E-51903473DFAA}.Debug|x64.ActiveCfg = Debug|Any CPU
		{9DFBB7F1-0845-4BF6-A97E-51903473DFAA}.Debug|x64.Build.0 = Debug|Any CPU
		{9DFBB7F1-0845-4BF6-A97E-51903473DFAA}.Debug|x86.ActiveCfg = Debug|Any CPU
		{9DFBB7F1-0845-4BF6-A97E-51903473DFAA}.Debug|x86.Build.0 = Debug|Any CPU
		{9DFBB7F1-0845-4BF6-A97E-51903473DFAA}.Release|Any CPU.ActiveCfg = Release|Any CPU
		{9DFBB7F1-0845-4BF6-A97E-51903473DFAA}.Release|Any CPU.Build.0 = Release|Any CPU
		{9DFBB7F1-0845-4BF6-A97E-51903473DFAA}.Release|x64.ActiveCfg = Release|Any CPU
		{9DFBB7F1-0845-4BF6-A97E-51903473DFAA}.Release|x64.Build.0 = Release|Any CPU
		{9DFBB7F1-0845-4BF6-A97E-51903473DFAA}.Release|x86.ActiveCfg = Release|Any CPU
		{9DFBB7F1-0845-4BF6-A97E-51903473DFAA}.Release|x86.Build.0 = Release|Any CPU
		{957B4034-E667-433C-87AE-F54016D1F35F}.Debug|Any CPU.ActiveCfg = Debug|Any CPU
		{957B4034-E667-433C-87AE-F54016D1F35F}.Debug|Any CPU.Build.0 = Debug|Any CPU
		{957B4034-E667-433C-87AE-F54016D1F35F}.Debug|x64.ActiveCfg = Debug|Any CPU
		{957B4034-E667-433C-87AE-F54016D1F35F}.Debug|x64.Build.0 = Debug|Any CPU
		{957B4034-E667-433C-87AE-F54016D1F35F}.Debug|x86.ActiveCfg = Debug|Any CPU
		{957B4034-E667-433C-87AE-F54016D1F35F}.Debug|x86.Build.0 = Debug|Any CPU
		{957B4034-E667-433C-87AE-F54016D1F35F}.Release|Any CPU.ActiveCfg = Release|Any CPU
		{957B4034-E667-433C-87AE-F54016D1F35F}.Release|Any CPU.Build.0 = Release|Any CPU
		{957B4034-E667-433C-87AE-F54016D1F35F}.Release|x64.ActiveCfg = Release|Any CPU
		{957B4034-E667-433C-87AE-F54016D1F35F}.Release|x64.Build.0 = Release|Any CPU
		{957B4034-E667-433C-87AE-F54016D1F35F}.Release|x86.ActiveCfg = Release|Any CPU
		{957B4034-E667-433C-87AE-F54016D1F35F}.Release|x86.Build.0 = Release|Any CPU
		{F2745377-D8F2-4B4B-9387-0AEBAE0C1D72}.Debug|Any CPU.ActiveCfg = Debug|Any CPU
		{F2745377-D8F2-4B4B-9387-0AEBAE0C1D72}.Debug|Any CPU.Build.0 = Debug|Any CPU
		{F2745377-D8F2-4B4B-9387-0AEBAE0C1D72}.Debug|x64.ActiveCfg = Debug|Any CPU
		{F2745377-D8F2-4B4B-9387-0AEBAE0C1D72}.Debug|x64.Build.0 = Debug|Any CPU
		{F2745377-D8F2-4B4B-9387-0AEBAE0C1D72}.Debug|x86.ActiveCfg = Debug|Any CPU
		{F2745377-D8F2-4B4B-9387-0AEBAE0C1D72}.Debug|x86.Build.0 = Debug|Any CPU
		{F2745377-D8F2-4B4B-9387-0AEBAE0C1D72}.Release|Any CPU.ActiveCfg = Release|Any CPU
		{F2745377-D8F2-4B4B-9387-0AEBAE0C1D72}.Release|Any CPU.Build.0 = Release|Any CPU
		{F2745377-D8F2-4B4B-9387-0AEBAE0C1D72}.Release|x64.ActiveCfg = Release|Any CPU
		{F2745377-D8F2-4B4B-9387-0AEBAE0C1D72}.Release|x64.Build.0 = Release|Any CPU
		{F2745377-D8F2-4B4B-9387-0AEBAE0C1D72}.Release|x86.ActiveCfg = Release|Any CPU
		{F2745377-D8F2-4B4B-9387-0AEBAE0C1D72}.Release|x86.Build.0 = Release|Any CPU
		{49394F9C-35AB-4FFC-8DB6-AF04F1454EAB}.Debug|Any CPU.ActiveCfg = Debug|Any CPU
		{49394F9C-35AB-4FFC-8DB6-AF04F1454EAB}.Debug|Any CPU.Build.0 = Debug|Any CPU
		{49394F9C-35AB-4FFC-8DB6-AF04F1454EAB}.Debug|x64.ActiveCfg = Debug|Any CPU
		{49394F9C-35AB-4FFC-8DB6-AF04F1454EAB}.Debug|x64.Build.0 = Debug|Any CPU
		{49394F9C-35AB-4FFC-8DB6-AF04F1454EAB}.Debug|x86.ActiveCfg = Debug|Any CPU
		{49394F9C-35AB-4FFC-8DB6-AF04F1454EAB}.Debug|x86.Build.0 = Debug|Any CPU
		{49394F9C-35AB-4FFC-8DB6-AF04F1454EAB}.Release|Any CPU.ActiveCfg = Release|Any CPU
		{49394F9C-35AB-4FFC-8DB6-AF04F1454EAB}.Release|Any CPU.Build.0 = Release|Any CPU
		{49394F9C-35AB-4FFC-8DB6-AF04F1454EAB}.Release|x64.ActiveCfg = Release|Any CPU
		{49394F9C-35AB-4FFC-8DB6-AF04F1454EAB}.Release|x64.Build.0 = Release|Any CPU
		{49394F9C-35AB-4FFC-8DB6-AF04F1454EAB}.Release|x86.ActiveCfg = Release|Any CPU
		{49394F9C-35AB-4FFC-8DB6-AF04F1454EAB}.Release|x86.Build.0 = Release|Any CPU
		{59FD61E5-0F5F-472A-9991-4F6F1D1F6A8B}.Debug|Any CPU.ActiveCfg = Debug|Any CPU
		{59FD61E5-0F5F-472A-9991-4F6F1D1F6A8B}.Debug|Any CPU.Build.0 = Debug|Any CPU
		{59FD61E5-0F5F-472A-9991-4F6F1D1F6A8B}.Debug|x64.ActiveCfg = Debug|Any CPU
		{59FD61E5-0F5F-472A-9991-4F6F1D1F6A8B}.Debug|x64.Build.0 = Debug|Any CPU
		{59FD61E5-0F5F-472A-9991-4F6F1D1F6A8B}.Debug|x86.ActiveCfg = Debug|Any CPU
		{59FD61E5-0F5F-472A-9991-4F6F1D1F6A8B}.Debug|x86.Build.0 = Debug|Any CPU
		{59FD61E5-0F5F-472A-9991-4F6F1D1F6A8B}.Release|Any CPU.ActiveCfg = Release|Any CPU
		{59FD61E5-0F5F-472A-9991-4F6F1D1F6A8B}.Release|Any CPU.Build.0 = Release|Any CPU
		{59FD61E5-0F5F-472A-9991-4F6F1D1F6A8B}.Release|x64.ActiveCfg = Release|Any CPU
		{59FD61E5-0F5F-472A-9991-4F6F1D1F6A8B}.Release|x64.Build.0 = Release|Any CPU
		{59FD61E5-0F5F-472A-9991-4F6F1D1F6A8B}.Release|x86.ActiveCfg = Release|Any CPU
		{59FD61E5-0F5F-472A-9991-4F6F1D1F6A8B}.Release|x86.Build.0 = Release|Any CPU
		{9F0472D6-AB26-454D-BEC1-F2C437DF295C}.Debug|Any CPU.ActiveCfg = Debug|Any CPU
		{9F0472D6-AB26-454D-BEC1-F2C437DF295C}.Debug|Any CPU.Build.0 = Debug|Any CPU
		{9F0472D6-AB26-454D-BEC1-F2C437DF295C}.Debug|x64.ActiveCfg = Debug|Any CPU
		{9F0472D6-AB26-454D-BEC1-F2C437DF295C}.Debug|x64.Build.0 = Debug|Any CPU
		{9F0472D6-AB26-454D-BEC1-F2C437DF295C}.Debug|x86.ActiveCfg = Debug|Any CPU
		{9F0472D6-AB26-454D-BEC1-F2C437DF295C}.Debug|x86.Build.0 = Debug|Any CPU
		{9F0472D6-AB26-454D-BEC1-F2C437DF295C}.Release|Any CPU.ActiveCfg = Release|Any CPU
		{9F0472D6-AB26-454D-BEC1-F2C437DF295C}.Release|Any CPU.Build.0 = Release|Any CPU
		{9F0472D6-AB26-454D-BEC1-F2C437DF295C}.Release|x64.ActiveCfg = Release|Any CPU
		{9F0472D6-AB26-454D-BEC1-F2C437DF295C}.Release|x64.Build.0 = Release|Any CPU
		{9F0472D6-AB26-454D-BEC1-F2C437DF295C}.Release|x86.ActiveCfg = Release|Any CPU
		{9F0472D6-AB26-454D-BEC1-F2C437DF295C}.Release|x86.Build.0 = Release|Any CPU
		{4AF067BD-A84B-425F-BFFA-FBC86711143D}.Debug|Any CPU.ActiveCfg = Debug|Any CPU
		{4AF067BD-A84B-425F-BFFA-FBC86711143D}.Debug|Any CPU.Build.0 = Debug|Any CPU
		{4AF067BD-A84B-425F-BFFA-FBC86711143D}.Debug|x64.ActiveCfg = Debug|Any CPU
		{4AF067BD-A84B-425F-BFFA-FBC86711143D}.Debug|x64.Build.0 = Debug|Any CPU
		{4AF067BD-A84B-425F-BFFA-FBC86711143D}.Debug|x86.ActiveCfg = Debug|Any CPU
		{4AF067BD-A84B-425F-BFFA-FBC86711143D}.Debug|x86.Build.0 = Debug|Any CPU
		{4AF067BD-A84B-425F-BFFA-FBC86711143D}.Release|Any CPU.ActiveCfg = Release|Any CPU
		{4AF067BD-A84B-425F-BFFA-FBC86711143D}.Release|Any CPU.Build.0 = Release|Any CPU
		{4AF067BD-A84B-425F-BFFA-FBC86711143D}.Release|x64.ActiveCfg = Release|Any CPU
		{4AF067BD-A84B-425F-BFFA-FBC86711143D}.Release|x64.Build.0 = Release|Any CPU
		{4AF067BD-A84B-425F-BFFA-FBC86711143D}.Release|x86.ActiveCfg = Release|Any CPU
		{4AF067BD-A84B-425F-BFFA-FBC86711143D}.Release|x86.Build.0 = Release|Any CPU
		{BC56BA6F-D195-4972-BC1D-5DFB103E54F0}.Debug|Any CPU.ActiveCfg = Debug|Any CPU
		{BC56BA6F-D195-4972-BC1D-5DFB103E54F0}.Debug|Any CPU.Build.0 = Debug|Any CPU
		{BC56BA6F-D195-4972-BC1D-5DFB103E54F0}.Debug|x64.ActiveCfg = Debug|Any CPU
		{BC56BA6F-D195-4972-BC1D-5DFB103E54F0}.Debug|x64.Build.0 = Debug|Any CPU
		{BC56BA6F-D195-4972-BC1D-5DFB103E54F0}.Debug|x86.ActiveCfg = Debug|Any CPU
		{BC56BA6F-D195-4972-BC1D-5DFB103E54F0}.Debug|x86.Build.0 = Debug|Any CPU
		{BC56BA6F-D195-4972-BC1D-5DFB103E54F0}.Release|Any CPU.ActiveCfg = Release|Any CPU
		{BC56BA6F-D195-4972-BC1D-5DFB103E54F0}.Release|Any CPU.Build.0 = Release|Any CPU
		{BC56BA6F-D195-4972-BC1D-5DFB103E54F0}.Release|x64.ActiveCfg = Release|Any CPU
		{BC56BA6F-D195-4972-BC1D-5DFB103E54F0}.Release|x64.Build.0 = Release|Any CPU
		{BC56BA6F-D195-4972-BC1D-5DFB103E54F0}.Release|x86.ActiveCfg = Release|Any CPU
		{BC56BA6F-D195-4972-BC1D-5DFB103E54F0}.Release|x86.Build.0 = Release|Any CPU
		{ACC4ED7C-C025-46C3-A38B-F6610BD49DC7}.Debug|Any CPU.ActiveCfg = Debug|Any CPU
		{ACC4ED7C-C025-46C3-A38B-F6610BD49DC7}.Debug|Any CPU.Build.0 = Debug|Any CPU
		{ACC4ED7C-C025-46C3-A38B-F6610BD49DC7}.Debug|x64.ActiveCfg = Debug|Any CPU
		{ACC4ED7C-C025-46C3-A38B-F6610BD49DC7}.Debug|x64.Build.0 = Debug|Any CPU
		{ACC4ED7C-C025-46C3-A38B-F6610BD49DC7}.Debug|x86.ActiveCfg = Debug|Any CPU
		{ACC4ED7C-C025-46C3-A38B-F6610BD49DC7}.Debug|x86.Build.0 = Debug|Any CPU
		{ACC4ED7C-C025-46C3-A38B-F6610BD49DC7}.Release|Any CPU.ActiveCfg = Release|Any CPU
		{ACC4ED7C-C025-46C3-A38B-F6610BD49DC7}.Release|Any CPU.Build.0 = Release|Any CPU
		{ACC4ED7C-C025-46C3-A38B-F6610BD49DC7}.Release|x64.ActiveCfg = Release|Any CPU
		{ACC4ED7C-C025-46C3-A38B-F6610BD49DC7}.Release|x64.Build.0 = Release|Any CPU
		{ACC4ED7C-C025-46C3-A38B-F6610BD49DC7}.Release|x86.ActiveCfg = Release|Any CPU
		{ACC4ED7C-C025-46C3-A38B-F6610BD49DC7}.Release|x86.Build.0 = Release|Any CPU
	EndGlobalSection
	GlobalSection(SolutionProperties) = preSolution
		HideSolutionNode = FALSE
	EndGlobalSection
	GlobalSection(NestedProjects) = preSolution
		{9F0472D6-AB26-454D-BEC1-F2C437DF295C} = {0AB3BF05-4346-4AA6-1389-037BE0695223}
		{4AF067BD-A84B-425F-BFFA-FBC86711143D} = {0AB3BF05-4346-4AA6-1389-037BE0695223}
		{BC56BA6F-D195-4972-BC1D-5DFB103E54F0} = {827E0CD3-B72D-47B6-A68D-7590B98EB39B}
		{ACC4ED7C-C025-46C3-A38B-F6610BD49DC7} = {0AB3BF05-4346-4AA6-1389-037BE0695223}
	EndGlobalSection
EndGlobal
