
Microsoft Visual Studio Solution File, Format Version 12.00
# Visual Studio Version 17
VisualStudioVersion = 17.0.31903.59
MinimumVisualStudioVersion = 10.0.40219.1
Project("{FAE04EC0-301F-11D3-BF4B-00C04F79EFBC}") = "tests", "tests\tests.csproj", "{C1881C03-2980-43F3-B34F-BBD4C43EC22B}"
EndProject
Project("{2150E333-8FDC-42A3-9474-1A3956D46DE8}") = "src", "src", "{9608CD9C-F856-492B-85F8-746185AAEFE1}"
EndProject
Project("{FAE04EC0-301F-11D3-BF4B-00C04F79EFBC}") = "YmmeUtil.Common", "src\YmmeUtil.Common\YmmeUtil.Common.csproj", "{8D2777A0-8815-42AC-A42F-5FF4FF6DEDB3}"
EndProject
Project("{FAE04EC0-301F-11D3-BF4B-00C04F79EFBC}") = "YmmeUtil.Ymm4", "src\YmmeUtil.Ymm4\YmmeUtil.Ymm4.csproj", "{9DFBB7F1-0845-4BF6-A97E-51903473DFAA}"
EndProject
Project("{2150E333-8FDC-42A3-9474-1A3956D46DE8}") = "sandbox", "sandbox", "{3D40F055-384E-DE04-BB81-B7972E166B19}"
EndProject
Project("{2150E333-8FDC-42A3-9474-1A3956D46DE8}") = "plugin", "plugin", "{B7C3F41F-BF38-232B-369D-0F33C5BE69A5}"
EndProject
Project("{FAE04EC0-301F-11D3-BF4B-00C04F79EFBC}") = "WithYmm4", "sandbox\plugin\WithYmm4\WithYmm4.csproj", "{957B4034-E667-433C-87AE-F54016D1F35F}"
EndProject
Project("{FAE04EC0-301F-11D3-BF4B-00C04F79EFBC}") = "Common", "sandbox\plugin\Common\Common.csproj", "{F2745377-D8F2-4B4B-9387-0AEBAE0C1D72}"
EndProject
Global
	GlobalSection(SolutionConfigurationPlatforms) = preSolution
		Debug|Any CPU = Debug|Any CPU
		Debug|x64 = Debug|x64
		Debug|x86 = Debug|x86
		Release|Any CPU = Release|Any CPU
		Release|x64 = Release|x64
		Release|x86 = Release|x86
	EndGlobalSection
	GlobalSection(ProjectConfigurationPlatforms) = postSolution
		{C1881C03-2980-43F3-B34F-BBD4C43EC22B}.Debug|Any CPU.ActiveCfg = Debug|Any CPU
		{C1881C03-2980-43F3-B34F-BBD4C43EC22B}.Debug|Any CPU.Build.0 = Debug|Any CPU
		{C1881C03-2980-43F3-B34F-BBD4C43EC22B}.Debug|x64.ActiveCfg = Debug|Any CPU
		{C1881C03-2980-43F3-B34F-BBD4C43EC22B}.Debug|x64.Build.0 = Debug|Any CPU
		{C1881C03-2980-43F3-B34F-BBD4C43EC22B}.Debug|x86.ActiveCfg = Debug|Any CPU
		{C1881C03-2980-43F3-B34F-BBD4C43EC22B}.Debug|x86.Build.0 = Debug|Any CPU
		{C1881C03-2980-43F3-B34F-BBD4C43EC22B}.Release|Any CPU.ActiveCfg = Release|Any CPU
		{C1881C03-2980-43F3-B34F-BBD4C43EC22B}.Release|Any CPU.Build.0 = Release|Any CPU
		{C1881C03-2980-43F3-B34F-BBD4C43EC22B}.Release|x64.ActiveCfg = Release|Any CPU
		{C1881C03-2980-43F3-B34F-BBD4C43EC22B}.Release|x64.Build.0 = Release|Any CPU
		{C1881C03-2980-43F3-B34F-BBD4C43EC22B}.Release|x86.ActiveCfg = Release|Any CPU
		{C1881C03-2980-43F3-B34F-BBD4C43EC22B}.Release|x86.Build.0 = Release|Any CPU
		{8D2777A0-8815-42AC-A42F-5FF4FF6DEDB3}.Debug|Any CPU.ActiveCfg = Debug|Any CPU
		{8D2777A0-8815-42AC-A42F-5FF4FF6DEDB3}.Debug|Any CPU.Build.0 = Debug|Any CPU
		{8D2777A0-8815-42AC-A42F-5FF4FF6DEDB3}.Debug|x64.ActiveCfg = Debug|Any CPU
		{8D2777A0-8815-42AC-A42F-5FF4FF6DEDB3}.Debug|x64.Build.0 = Debug|Any CPU
		{8D2777A0-8815-42AC-A42F-5FF4FF6DEDB3}.Debug|x86.ActiveCfg = Debug|Any CPU
		{8D2777A0-8815-42AC-A42F-5FF4FF6DEDB3}.Debug|x86.Build.0 = Debug|Any CPU
		{8D2777A0-8815-42AC-A42F-5FF4FF6DEDB3}.Release|Any CPU.ActiveCfg = Release|Any CPU
		{8D2777A0-8815-42AC-A42F-5FF4FF6DEDB3}.Release|Any CPU.Build.0 = Release|Any CPU
		{8D2777A0-8815-42AC-A42F-5FF4FF6DEDB3}.Release|x64.ActiveCfg = Release|Any CPU
		{8D2777A0-8815-42AC-A42F-5FF4FF6DEDB3}.Release|x64.Build.0 = Release|Any CPU
		{8D2777A0-8815-42AC-A42F-5FF4FF6DEDB3}.Release|x86.ActiveCfg = Release|Any CPU
		{8D2777A0-8815-42AC-A42F-5FF4FF6DEDB3}.Release|x86.Build.0 = Release|Any CPU
		{9DFBB7F1-0845-4BF6-A97E-51903473DFAA}.Debug|Any CPU.ActiveCfg = Debug|Any CPU
		{9DFBB7F1-0845-4BF6-A97E-51903473DFAA}.Debug|Any CPU.Build.0 = Debug|Any CPU
		{9DFBB7F1-0845-4BF6-A97E-51903473DFAA}.Debug|x64.ActiveCfg = Debug|Any CPU
		{9DFBB7F1-0845-4BF6-A97E-51903473DFAA}.Debug|x64.Build.0 = Debug|Any CPU
		{9DFBB7F1-0845-4BF6-A97E-51903473DFAA}.Debug|x86.ActiveCfg = Debug|Any CPU
		{9DFBB7F1-0845-4BF6-A97E-51903473DFAA}.Debug|x86.Build.0 = Debug|Any CPU
		{9DFBB7F1-0845-4BF6-A97E-51903473DFAA}.Release|Any CPU.ActiveCfg = Release|Any CPU
		{9DFBB7F1-0845-4BF6-A97E-51903473DFAA}.Release|Any CPU.Build.0 = Release|Any CPU
		{9DFBB7F1-0845-4BF6-A97E-51903473DFAA}.Release|x64.ActiveCfg = Release|Any CPU
		{9DFBB7F1-0845-4BF6-A97E-51903473DFAA}.Release|x64.Build.0 = Release|Any CPU
		{9DFBB7F1-0845-4BF6-A97E-51903473DFAA}.Release|x86.ActiveCfg = Release|Any CPU
		{9DFBB7F1-0845-4BF6-A97E-51903473DFAA}.Release|x86.Build.0 = Release|Any CPU
		{957B4034-E667-433C-87AE-F54016D1F35F}.Debug|Any CPU.ActiveCfg = Debug|Any CPU
		{957B4034-E667-433C-87AE-F54016D1F35F}.Debug|Any CPU.Build.0 = Debug|Any CPU
		{957B4034-E667-433C-87AE-F54016D1F35F}.Debug|x64.ActiveCfg = Debug|Any CPU
		{957B4034-E667-433C-87AE-F54016D1F35F}.Debug|x64.Build.0 = Debug|Any CPU
		{957B4034-E667-433C-87AE-F54016D1F35F}.Debug|x86.ActiveCfg = Debug|Any CPU
		{957B4034-E667-433C-87AE-F54016D1F35F}.Debug|x86.Build.0 = Debug|Any CPU
		{957B4034-E667-433C-87AE-F54016D1F35F}.Release|Any CPU.ActiveCfg = Release|Any CPU
		{957B4034-E667-433C-87AE-F54016D1F35F}.Release|Any CPU.Build.0 = Release|Any CPU
		{957B4034-E667-433C-87AE-F54016D1F35F}.Release|x64.ActiveCfg = Release|Any CPU
		{957B4034-E667-433C-87AE-F54016D1F35F}.Release|x64.Build.0 = Release|Any CPU
		{957B4034-E667-433C-87AE-F54016D1F35F}.Release|x86.ActiveCfg = Release|Any CPU
		{957B4034-E667-433C-87AE-F54016D1F35F}.Release|x86.Build.0 = Release|Any CPU
		{F2745377-D8F2-4B4B-9387-0AEBAE0C1D72}.Debug|Any CPU.ActiveCfg = Debug|Any CPU
		{F2745377-D8F2-4B4B-9387-0AEBAE0C1D72}.Debug|Any CPU.Build.0 = Debug|Any CPU
		{F2745377-D8F2-4B4B-9387-0AEBAE0C1D72}.Debug|x64.ActiveCfg = Debug|Any CPU
		{F2745377-D8F2-4B4B-9387-0AEBAE0C1D72}.Debug|x64.Build.0 = Debug|Any CPU
		{F2745377-D8F2-4B4B-9387-0AEBAE0C1D72}.Debug|x86.ActiveCfg = Debug|Any CPU
		{F2745377-D8F2-4B4B-9387-0AEBAE0C1D72}.Debug|x86.Build.0 = Debug|Any CPU
		{F2745377-D8F2-4B4B-9387-0AEBAE0C1D72}.Release|Any CPU.ActiveCfg = Release|Any CPU
		{F2745377-D8F2-4B4B-9387-0AEBAE0C1D72}.Release|Any CPU.Build.0 = Release|Any CPU
		{F2745377-D8F2-4B4B-9387-0AEBAE0C1D72}.Release|x64.ActiveCfg = Release|Any CPU
		{F2745377-D8F2-4B4B-9387-0AEBAE0C1D72}.Release|x64.Build.0 = Release|Any CPU
		{F2745377-D8F2-4B4B-9387-0AEBAE0C1D72}.Release|x86.ActiveCfg = Release|Any CPU
		{F2745377-D8F2-4B4B-9387-0AEBAE0C1D72}.Release|x86.Build.0 = Release|Any CPU
	EndGlobalSection
	GlobalSection(SolutionProperties) = preSolution
		HideSolutionNode = FALSE
	EndGlobalSection
	GlobalSection(NestedProjects) = preSolution
		{8D2777A0-8815-42AC-A42F-5FF4FF6DEDB3} = {9608CD9C-F856-492B-85F8-746185AAEFE1}
		{9DFBB7F1-0845-4BF6-A97E-51903473DFAA} = {9608CD9C-F856-492B-85F8-746185AAEFE1}
		{B7C3F41F-BF38-232B-369D-0F33C5BE69A5} = {3D40F055-384E-DE04-BB81-B7972E166B19}
		{957B4034-E667-433C-87AE-F54016D1F35F} = {B7C3F41F-BF38-232B-369D-0F33C5BE69A5}
		{F2745377-D8F2-4B4B-9387-0AEBAE0C1D72} = {B7C3F41F-BF38-232B-369D-0F33C5BE69A5}
	EndGlobalSection
EndGlobal
